
Microsoft Visual Studio Solution File, Format Version 12.00
# Visual Studio Version 17
VisualStudioVersion = 17.14.36327.8 d17.14
MinimumVisualStudioVersion = 10.0.40219.1
Project("{FAE04EC0-301F-11D3-BF4B-00C04F79EFBC}") = "DotBudget", "DotBudget\DotBudget.csproj", "{02FD75BD-8961-4AF1-BAD9-E50284E9B2AA}"
EndProject
Global
	GlobalSection(SolutionConfigurationPlatforms) = preSolution
		Debug|Any CPU = Debug|Any CPU
		Release|Any CPU = Release|Any CPU
	EndGlobalSection
	GlobalSection(ProjectConfigurationPlatforms) = postSolution
		{02FD75BD-8961-4AF1-BAD9-E50284E9B2AA}.Debug|Any CPU.ActiveCfg = Debug|Any CPU
		{02FD75BD-8961-4AF1-BAD9-E50284E9B2AA}.Debug|Any CPU.Build.0 = Debug|Any CPU
		{02FD75BD-8961-4AF1-BAD9-E50284E9B2AA}.Release|Any CPU.ActiveCfg = Release|Any CPU
		{02FD75BD-8961-4AF1-BAD9-E50284E9B2AA}.Release|Any CPU.Build.0 = Release|Any CPU
	EndGlobalSection
	GlobalSection(SolutionProperties) = preSolution
		HideSolutionNode = FALSE
	EndGlobalSection
	GlobalSection(ExtensibilityGlobals) = postSolution
		SolutionGuid = {01C2D489-4D24-422D-84A4-620504AEBE0C}
	EndGlobalSection
EndGlobal
